<?xml version="1.0" encoding="utf-8"?>
<Project ToolsVersion="4.0" xmlns="http://schemas.microsoft.com/developer/msbuild/2003">
  <ItemGroup>
    <Filter Include="TinNet">
      <UniqueIdentifier>{038bda85-dc7f-4c87-b42b-e2791a75b0c5}</UniqueIdentifier>
    </Filter>
    <Filter Include="TinNet\IO">
      <UniqueIdentifier>{d71184a6-6092-4fd6-b7ca-e527fe39a1ce}</UniqueIdentifier>
    </Filter>
    <Filter Include="TinNet\Reinforcement">
      <UniqueIdentifier>{f90ccafc-f83b-4d25-b325-871d4701aa87}</UniqueIdentifier>
    </Filter>
    <Filter Include="TinNet\Core">
      <UniqueIdentifier>{4e6843f8-e605-413f-b77d-3087d3783847}</UniqueIdentifier>
    </Filter>
    <Filter Include="TinNet\Compute">
      <UniqueIdentifier>{ba0f46cf-39e2-4120-b3e2-eaf967f08c8c}</UniqueIdentifier>
    </Filter>
    <Filter Include="TinNet\Node">
      <UniqueIdentifier>{8d7bfea6-e7e7-4293-b354-3f23a9344e1a}</UniqueIdentifier>
    </Filter>
    <Filter Include="TinNet\Initializer">
      <UniqueIdentifier>{eefc9253-9aa6-46ff-b70a-0442f93af458}</UniqueIdentifier>
    </Filter>
    <Filter Include="TinNet\Optimizer">
      <UniqueIdentifier>{23b202d6-0c34-496e-bf12-39cd08381953}</UniqueIdentifier>
    </Filter>
  </ItemGroup>
  <ItemGroup>
    <ClCompile Include="TinNet\IO\Serializable.cpp">
      <Filter>TinNet\IO</Filter>
    </ClCompile>
    <ClCompile Include="TinNet\Reinforcement\MCTS.cpp">
      <Filter>TinNet\Reinforcement</Filter>
    </ClCompile>
    <ClCompile Include="TinNet\IO\JSONObject.cpp">
      <Filter>TinNet\IO</Filter>
    </ClCompile>
    <ClCompile Include="TinNet\IO\JSON.cpp">
      <Filter>TinNet\IO</Filter>
    </ClCompile>
    <ClCompile Include="TinNet\Core\Shape.cpp">
      <Filter>TinNet\Core</Filter>
    </ClCompile>
    <ClCompile Include="TinNet\Compute\GEMM.cpp">
      <Filter>TinNet\Compute</Filter>
    </ClCompile>
    <ClCompile Include="TinNet\Node\MM.cpp">
      <Filter>TinNet\Node</Filter>
    </ClCompile>
    <ClCompile Include="TinNet\Node\Input.cpp">
      <Filter>TinNet\Node</Filter>
    </ClCompile>
    <ClCompile Include="TinNet\Node\Node.cpp">
      <Filter>TinNet\Node</Filter>
    </ClCompile>
    <ClCompile Include="TinNet\Node\NodeInput.cpp">
      <Filter>TinNet\Node</Filter>
    </ClCompile>
    <ClCompile Include="TinNet\Node\Parameter.cpp">
      <Filter>TinNet\Node</Filter>
    </ClCompile>
    <ClCompile Include="TinNet\Node\Sigmoid.cpp">
      <Filter>TinNet\Node</Filter>
    </ClCompile>
    <ClCompile Include="TinNet\Node\SigmoidCrossEntropy.cpp">
      <Filter>TinNet\Node</Filter>
    </ClCompile>
    <ClCompile Include="TinNet\Initializer\Constant.cpp">
      <Filter>TinNet\Initializer</Filter>
    </ClCompile>
    <ClCompile Include="TinNet\Initializer\Xavier.cpp">
      <Filter>TinNet\Initializer</Filter>
    </ClCompile>
    <ClCompile Include="TinNet\Optimizer\SGD.cpp">
      <Filter>TinNet\Optimizer</Filter>
    </ClCompile>
    <ClCompile Include="TinNet\Node\Add.cpp">
      <Filter>TinNet\Node</Filter>
    </ClCompile>
    <ClCompile Include="TinNet\Node\Sum.cpp">
      <Filter>TinNet\Node</Filter>
    </ClCompile>
    <ClCompile Include="TinNet\Node\Dense.cpp">
      <Filter>TinNet\Node</Filter>
    </ClCompile>
    <ClCompile Include="TinNet\Node\MSE.cpp">
      <Filter>TinNet\Node</Filter>
    </ClCompile>
    <ClCompile Include="TinNet\Node\NodeType.cpp">
      <Filter>TinNet\Node</Filter>
    </ClCompile>
    <ClCompile Include="TinNet\Node\NodeTypeManager.cpp">
      <Filter>TinNet\Node</Filter>
    </ClCompile>
    <ClCompile Include="TinNet\Node\ReLU.cpp">
      <Filter>TinNet\Node</Filter>
    </ClCompile>
    <ClCompile Include="TinNet\Node\Subtract.cpp">
      <Filter>TinNet\Node</Filter>
    </ClCompile>
    <ClCompile Include="TinNet\Core\GraphBuilder.cpp">
      <Filter>TinNet\Core</Filter>
    </ClCompile>
    <ClCompile Include="TinNet\Core\InitializerWrapper.cpp">
      <Filter>TinNet\Core</Filter>
    </ClCompile>
    <ClCompile Include="TinNet\Core\Graph.cpp">
      <Filter>TinNet\Core</Filter>
    </ClCompile>
    <ClCompile Include="TinNet\Core\NodeWrapper.cpp">
      <Filter>TinNet\Core</Filter>
    </ClCompile>
    <ClCompile Include="TinNet\Compute\Denormal.cpp">
      <Filter>TinNet\Compute</Filter>
    </ClCompile>
    <ClCompile Include="TinNet\Node\Mean.cpp">
      <Filter>TinNet\Node</Filter>
    </ClCompile>
    <ClCompile Include="TinNet\Node\Softmax.cpp">
      <Filter>TinNet\Node</Filter>
    </ClCompile>
    <ClCompile Include="TinNet\Node\SoftmaxCrossEntropy.cpp">
      <Filter>TinNet\Node</Filter>
    </ClCompile>
    <ClCompile Include="TinNet\Node\Log.cpp">
      <Filter>TinNet\Node</Filter>
    </ClCompile>
    <ClCompile Include="TinNet\Node\Multiply.cpp">
      <Filter>TinNet\Node</Filter>
    </ClCompile>
    <ClCompile Include="TinNet\Node\Negative.cpp">
      <Filter>TinNet\Node</Filter>
    </ClCompile>
    <ClCompile Include="TinNet\Optimizer\Momentum.cpp">
      <Filter>TinNet\Optimizer</Filter>
    </ClCompile>
    <ClCompile Include="TinNet\Node\Exp.cpp" />
    <ClCompile Include="TinNet\Node\Divide.cpp" />
  </ItemGroup>
  <ItemGroup>
    <ClInclude Include="TinNet\TinNetDLL.h">
      <Filter>TinNet</Filter>
    </ClInclude>
    <ClInclude Include="TinNet\IO\Serializable.h">
      <Filter>TinNet\IO</Filter>
    </ClInclude>
    <ClInclude Include="TinNet\Reinforcement\MCTS.h">
      <Filter>TinNet\Reinforcement</Filter>
    </ClInclude>
    <ClInclude Include="TinNet\Reinforcement\Game.h">
      <Filter>TinNet\Reinforcement</Filter>
    </ClInclude>
    <ClInclude Include="TinNet\TinNet.h">
      <Filter>TinNet</Filter>
    </ClInclude>
    <ClInclude Include="TinNet\IO\JSONObject.h">
      <Filter>TinNet\IO</Filter>
    </ClInclude>
    <ClInclude Include="TinNet\IO\JSON.h">
      <Filter>TinNet\IO</Filter>
    </ClInclude>
    <ClInclude Include="TinNet\Core\Span.h">
      <Filter>TinNet\Core</Filter>
    </ClInclude>
    <ClInclude Include="TinNet\Core\Shape.h">
      <Filter>TinNet\Core</Filter>
    </ClInclude>
    <ClInclude Include="TinNet\Compute\GEMM.h">
      <Filter>TinNet\Compute</Filter>
    </ClInclude>
    <ClInclude Include="TinNet\Core\Memory.h">
      <Filter>TinNet\Core</Filter>
    </ClInclude>
    <ClInclude Include="TinNet\Core\Shape.hpp">
      <Filter>TinNet\Core</Filter>
    </ClInclude>
    <ClInclude Include="TinNet\Node\MM.h">
      <Filter>TinNet\Node</Filter>
    </ClInclude>
    <ClInclude Include="TinNet\Node\Input.h">
      <Filter>TinNet\Node</Filter>
    </ClInclude>
    <ClInclude Include="TinNet\Node\Node.h">
      <Filter>TinNet\Node</Filter>
    </ClInclude>
    <ClInclude Include="TinNet\Node\NodeInput.h">
      <Filter>TinNet\Node</Filter>
    </ClInclude>
    <ClInclude Include="TinNet\Node\Parameter.h">
      <Filter>TinNet\Node</Filter>
    </ClInclude>
    <ClInclude Include="TinNet\Node\Sigmoid.h">
      <Filter>TinNet\Node</Filter>
    </ClInclude>
    <ClInclude Include="TinNet\Node\SigmoidCrossEntropy.h">
      <Filter>TinNet\Node</Filter>
    </ClInclude>
    <ClInclude Include="TinNet\Initializer\Constant.h">
      <Filter>TinNet\Initializer</Filter>
    </ClInclude>
    <ClInclude Include="TinNet\Initializer\Xavier.h">
      <Filter>TinNet\Initializer</Filter>
    </ClInclude>
    <ClInclude Include="TinNet\Optimizer\SGD.h">
      <Filter>TinNet\Optimizer</Filter>
    </ClInclude>
    <ClInclude Include="TinNet\Initializer\Initializer.h">
      <Filter>TinNet\Initializer</Filter>
    </ClInclude>
    <ClInclude Include="TinNet\Node\Add.h">
      <Filter>TinNet\Node</Filter>
    </ClInclude>
    <ClInclude Include="TinNet\Node\Sum.h">
      <Filter>TinNet\Node</Filter>
    </ClInclude>
    <ClInclude Include="TinNet\Node\Dense.h">
      <Filter>TinNet\Node</Filter>
    </ClInclude>
    <ClInclude Include="TinNet\Node\MSE.h">
      <Filter>TinNet\Node</Filter>
    </ClInclude>
    <ClInclude Include="TinNet\Node\NodeType.h">
      <Filter>TinNet\Node</Filter>
    </ClInclude>
    <ClInclude Include="TinNet\Node\NodeTypeManager.h">
      <Filter>TinNet\Node</Filter>
    </ClInclude>
    <ClInclude Include="TinNet\Node\ReLU.h">
      <Filter>TinNet\Node</Filter>
    </ClInclude>
    <ClInclude Include="TinNet\Node\Subtract.h">
      <Filter>TinNet\Node</Filter>
    </ClInclude>
    <ClInclude Include="TinNet\Core\InitializerWrapper.h">
      <Filter>TinNet\Core</Filter>
    </ClInclude>
    <ClInclude Include="TinNet\Core\GraphBuilder.h">
      <Filter>TinNet\Core</Filter>
    </ClInclude>
    <ClInclude Include="TinNet\Core\Graph.h">
      <Filter>TinNet\Core</Filter>
    </ClInclude>
    <ClInclude Include="TinNet\Core\Graph.hpp">
      <Filter>TinNet\Core</Filter>
    </ClInclude>
    <ClInclude Include="TinNet\Core\NodeWrapper.h">
      <Filter>TinNet\Core</Filter>
    </ClInclude>
    <ClInclude Include="TinNet\Core\Memory.hpp">
      <Filter>TinNet\Core</Filter>
    </ClInclude>
    <ClInclude Include="TinNet\Core\Span.hpp">
      <Filter>TinNet\Core</Filter>
    </ClInclude>
    <ClInclude Include="TinNet\Compute\Denormal.h">
      <Filter>TinNet\Compute</Filter>
    </ClInclude>
    <ClInclude Include="TinNet\Node\Mean.h">
      <Filter>TinNet\Node</Filter>
    </ClInclude>
    <ClInclude Include="TinNet\Node\Softmax.h">
      <Filter>TinNet\Node</Filter>
    </ClInclude>
    <ClInclude Include="TinNet\Node\SoftmaxCrossEntropy.h">
      <Filter>TinNet\Node</Filter>
    </ClInclude>
    <ClInclude Include="TinNet\Node\Log.h">
      <Filter>TinNet\Node</Filter>
    </ClInclude>
    <ClInclude Include="TinNet\Node\Multiply.h">
      <Filter>TinNet\Node</Filter>
    </ClInclude>
    <ClInclude Include="TinNet\Node\Negative.h">
      <Filter>TinNet\Node</Filter>
    </ClInclude>
    <ClInclude Include="TinNet\Optimizer\Momentum.h">
      <Filter>TinNet\Optimizer</Filter>
    </ClInclude>
    <ClInclude Include="TinNet\Node\Exp.h" />
    <ClInclude Include="TinNet\Node\Divide.h" />
  </ItemGroup>
</Project>