<?xml version="1.0" encoding="utf-8"?>
<Project ToolsVersion="4.0" xmlns="http://schemas.microsoft.com/developer/msbuild/2003">
  <ItemGroup>
    <Filter Include="TinNet">
      <UniqueIdentifier>{bb976147-2a53-4e3d-a651-6d49a90fc85a}</UniqueIdentifier>
    </Filter>
    <Filter Include="TinNet\Layer">
      <UniqueIdentifier>{a37fc6d2-fb0c-43bb-9eb5-96c6507031b6}</UniqueIdentifier>
    </Filter>
    <Filter Include="TinNet\Optimizer">
      <UniqueIdentifier>{bbc5bf85-45d7-43f9-8b4b-eda3c87d1c3b}</UniqueIdentifier>
    </Filter>
    <Filter Include="TinNet\Optimizer\Supervised">
      <UniqueIdentifier>{0171d58e-e59b-449e-813b-ccc09afeaae8}</UniqueIdentifier>
    </Filter>
    <Filter Include="TinNet\Loss">
      <UniqueIdentifier>{6ba30423-77ed-4c15-a69c-32f0b2b562fa}</UniqueIdentifier>
    </Filter>
  </ItemGroup>
  <ItemGroup>
    <ClCompile Include="TinNet\TinNet_GPU.cpp">
      <Filter>TinNet</Filter>
    </ClCompile>
    <ClCompile Include="TinNet\Layer\FullLayer_GPU.cpp">
      <Filter>TinNet\Layer</Filter>
    </ClCompile>
    <ClCompile Include="TinNet\Layer\Layer_GPU.cpp">
      <Filter>TinNet\Layer</Filter>
    </ClCompile>
    <ClCompile Include="TinNet\NN_GPU.cpp">
      <Filter>TinNet</Filter>
    </ClCompile>
    <ClCompile Include="TinNet\Optimizer\Supervised\SupervisedOptimizerBase_GPU.cpp">
      <Filter>TinNet\Optimizer\Supervised</Filter>
    </ClCompile>
    <ClCompile Include="TinNet\Optimizer\Supervised\SGD_GPU.cpp">
      <Filter>TinNet\Optimizer\Supervised</Filter>
    </ClCompile>
    <ClCompile Include="TinNet\Loss\MSE_GPU.cpp">
      <Filter>TinNet\Loss</Filter>
    </ClCompile>
    <ClCompile Include="TinNet\Layer\SigmoidLayer_GPU.cpp">
      <Filter>TinNet\Layer</Filter>
    </ClCompile>
    <ClCompile Include="TinNet\Layer\TanhLayer_GPU.cpp">
      <Filter>TinNet\Layer</Filter>
    </ClCompile>
    <ClCompile Include="TinNet\Layer\ReLULayer_GPU.cpp">
      <Filter>TinNet\Layer</Filter>
    </ClCompile>
    <ClCompile Include="TinNet\Layer\LReLULayer_GPU.cpp">
      <Filter>TinNet\Layer</Filter>
    </ClCompile>
    <ClCompile Include="TinNet\Loss\CE_GPU.cpp">
      <Filter>TinNet\Loss</Filter>
    </ClCompile>
    <ClCompile Include="TinNet\Loss\MulticlassCE_GPU.cpp">
      <Filter>TinNet\Loss</Filter>
    </ClCompile>
    <ClCompile Include="TinNet\Layer\PReLULayer_GPU.cpp">
      <Filter>TinNet\Layer</Filter>
    </ClCompile>
    <ClCompile Include="TinNet\Layer\SoftmaxLayer_GPU.cpp">
      <Filter>TinNet\Layer</Filter>
    </ClCompile>
  </ItemGroup>
  <ItemGroup>
    <ClInclude Include="TinNet\Layer\FullLayer_GPU.h">
      <Filter>TinNet\Layer</Filter>
    </ClInclude>
    <ClInclude Include="TinNet\TinNet_GPU.h">
      <Filter>TinNet</Filter>
    </ClInclude>
    <ClInclude Include="TinNet\Layer\Layers_GPU.h">
      <Filter>TinNet\Layer</Filter>
    </ClInclude>
    <ClInclude Include="TinNet\Layer\Layer_GPU.h">
      <Filter>TinNet\Layer</Filter>
    </ClInclude>
    <ClInclude Include="TinNet\NN_GPU.h">
      <Filter>TinNet</Filter>
    </ClInclude>
    <ClInclude Include="TinNet\NN_GPU.hpp">
      <Filter>TinNet</Filter>
    </ClInclude>
    <ClInclude Include="TinNet\Optimizer\Supervised\SupervisedOptimizerBase_GPU.h">
      <Filter>TinNet\Optimizer\Supervised</Filter>
    </ClInclude>
    <ClInclude Include="TinNet\Optimizer\Supervised\SupervisedOptimizerBase_GPU.hpp">
      <Filter>TinNet\Optimizer\Supervised</Filter>
    </ClInclude>
    <ClInclude Include="TinNet\Optimizer\Supervised\SGD_GPU.h">
      <Filter>TinNet\Optimizer\Supervised</Filter>
    </ClInclude>
    <ClInclude Include="TinNet\Optimizer\Optimizers_GPU.h">
      <Filter>TinNet\Optimizer</Filter>
    </ClInclude>
    <ClInclude Include="TinNet\Loss\Losses_GPU.h">
      <Filter>TinNet\Loss</Filter>
    </ClInclude>
    <ClInclude Include="TinNet\Loss\MSE_GPU.h">
      <Filter>TinNet\Loss</Filter>
    </ClInclude>
    <ClInclude Include="TinNet\TinNet_GPU_Backend.h">
      <Filter>TinNet</Filter>
    </ClInclude>
    <ClInclude Include="TinNet\Layer\SigmoidLayer_GPU.h">
      <Filter>TinNet\Layer</Filter>
    </ClInclude>
    <ClInclude Include="TinNet\Layer\TanhLayer_GPU.h">
      <Filter>TinNet\Layer</Filter>
    </ClInclude>
    <ClInclude Include="TinNet\Layer\ReLULayer_GPU.h">
      <Filter>TinNet\Layer</Filter>
    </ClInclude>
    <ClInclude Include="TinNet\Layer\LReLULayer_GPU.h">
      <Filter>TinNet\Layer</Filter>
    </ClInclude>
    <ClInclude Include="TinNet\Loss\CE_GPU.h">
      <Filter>TinNet\Loss</Filter>
    </ClInclude>
    <ClInclude Include="TinNet\Loss\MulticlassCE_GPU.h">
      <Filter>TinNet\Loss</Filter>
    </ClInclude>
    <ClInclude Include="TinNet\Layer\PReLULayer_GPU.h">
      <Filter>TinNet\Layer</Filter>
    </ClInclude>
    <ClInclude Include="TinNet\Layer\SoftmaxLayer_GPU.h">
      <Filter>TinNet\Layer</Filter>
    </ClInclude>
  </ItemGroup>
  <ItemGroup>
    <CudaCompile Include="TinNet\TinNet_GPU_Backend.cu">
      <Filter>TinNet</Filter>
    </CudaCompile>
  </ItemGroup>
</Project>