
Microsoft Visual Studio Solution File, Format Version 12.00
# Visual Studio 15
VisualStudioVersion = 15.0.27004.2008
MinimumVisualStudioVersion = 10.0.40219.1
Project("{8BC9CEB8-8B4A-11D0-8D11-00A0C91BC942}") = "CaysNet", "CaysNet\CaysNet.vcxproj", "{6B2A6192-0214-4CF7-B2C7-4F7955278D68}"
EndProject
Project("{8BC9CEB8-8B4A-11D0-8D11-00A0C91BC942}") = "CaysNet_Example_MNIST", "CaysNet_Example_MNIST\CaysNet_Example_MNIST.vcxproj", "{1ADEE157-C511-4EC8-A84E-E7FC9CCD6E0C}"
	ProjectSection(ProjectDependencies) = postProject
		{6B2A6192-0214-4CF7-B2C7-4F7955278D68} = {6B2A6192-0214-4CF7-B2C7-4F7955278D68}
	EndProjectSection
EndProject
Project("{8BC9CEB8-8B4A-11D0-8D11-00A0C91BC942}") = "CaysNet_5moc", "CaysNet_5moc\CaysNet_5moc.vcxproj", "{0D8F6AE6-5FFA-420A-85EA-62F130899E18}"
	ProjectSection(ProjectDependencies) = postProject
		{6B2A6192-0214-4CF7-B2C7-4F7955278D68} = {6B2A6192-0214-4CF7-B2C7-4F7955278D68}
	EndProjectSection
EndProject
Project("{8BC9CEB8-8B4A-11D0-8D11-00A0C91BC942}") = "CaysNet_Example_XOR", "CaysNet_Example_XOR\CaysNet_Example_XOR.vcxproj", "{339A427C-65D8-4089-8794-C04270F4F3F4}"
	ProjectSection(ProjectDependencies) = postProject
		{6B2A6192-0214-4CF7-B2C7-4F7955278D68} = {6B2A6192-0214-4CF7-B2C7-4F7955278D68}
	EndProjectSection
EndProject
Global
	GlobalSection(SolutionConfigurationPlatforms) = preSolution
		Debug|x64 = Debug|x64
		Debug|x86 = Debug|x86
		Export|x64 = Export|x64
		Export|x86 = Export|x86
		Release|x64 = Release|x64
		Release|x86 = Release|x86
	EndGlobalSection
	GlobalSection(ProjectConfigurationPlatforms) = postSolution
		{6B2A6192-0214-4CF7-B2C7-4F7955278D68}.Debug|x64.ActiveCfg = Debug|x64
		{6B2A6192-0214-4CF7-B2C7-4F7955278D68}.Debug|x64.Build.0 = Debug|x64
		{6B2A6192-0214-4CF7-B2C7-4F7955278D68}.Debug|x86.ActiveCfg = Debug|Win32
		{6B2A6192-0214-4CF7-B2C7-4F7955278D68}.Debug|x86.Build.0 = Debug|Win32
		{6B2A6192-0214-4CF7-B2C7-4F7955278D68}.Export|x64.ActiveCfg = Export|x64
		{6B2A6192-0214-4CF7-B2C7-4F7955278D68}.Export|x64.Build.0 = Export|x64
		{6B2A6192-0214-4CF7-B2C7-4F7955278D68}.Export|x86.ActiveCfg = Export|Win32
		{6B2A6192-0214-4CF7-B2C7-4F7955278D68}.Export|x86.Build.0 = Export|Win32
		{6B2A6192-0214-4CF7-B2C7-4F7955278D68}.Release|x64.ActiveCfg = Release|x64
		{6B2A6192-0214-4CF7-B2C7-4F7955278D68}.Release|x64.Build.0 = Release|x64
		{6B2A6192-0214-4CF7-B2C7-4F7955278D68}.Release|x86.ActiveCfg = Release|Win32
		{6B2A6192-0214-4CF7-B2C7-4F7955278D68}.Release|x86.Build.0 = Release|Win32
		{1ADEE157-C511-4EC8-A84E-E7FC9CCD6E0C}.Debug|x64.ActiveCfg = Debug|x64
		{1ADEE157-C511-4EC8-A84E-E7FC9CCD6E0C}.Debug|x64.Build.0 = Debug|x64
		{1ADEE157-C511-4EC8-A84E-E7FC9CCD6E0C}.Debug|x86.ActiveCfg = Debug|Win32
		{1ADEE157-C511-4EC8-A84E-E7FC9CCD6E0C}.Debug|x86.Build.0 = Debug|Win32
		{1ADEE157-C511-4EC8-A84E-E7FC9CCD6E0C}.Export|x64.ActiveCfg = Export|x64
		{1ADEE157-C511-4EC8-A84E-E7FC9CCD6E0C}.Export|x64.Build.0 = Export|x64
		{1ADEE157-C511-4EC8-A84E-E7FC9CCD6E0C}.Export|x86.ActiveCfg = Export|Win32
		{1ADEE157-C511-4EC8-A84E-E7FC9CCD6E0C}.Export|x86.Build.0 = Export|Win32
		{1ADEE157-C511-4EC8-A84E-E7FC9CCD6E0C}.Release|x64.ActiveCfg = Release|x64
		{1ADEE157-C511-4EC8-A84E-E7FC9CCD6E0C}.Release|x64.Build.0 = Release|x64
		{1ADEE157-C511-4EC8-A84E-E7FC9CCD6E0C}.Release|x86.ActiveCfg = Release|Win32
		{1ADEE157-C511-4EC8-A84E-E7FC9CCD6E0C}.Release|x86.Build.0 = Release|Win32
		{0D8F6AE6-5FFA-420A-85EA-62F130899E18}.Debug|x64.ActiveCfg = Debug|x64
		{0D8F6AE6-5FFA-420A-85EA-62F130899E18}.Debug|x64.Build.0 = Debug|x64
		{0D8F6AE6-5FFA-420A-85EA-62F130899E18}.Debug|x86.ActiveCfg = Debug|Win32
		{0D8F6AE6-5FFA-420A-85EA-62F130899E18}.Debug|x86.Build.0 = Debug|Win32
		{0D8F6AE6-5FFA-420A-85EA-62F130899E18}.Export|x64.ActiveCfg = Export|x64
		{0D8F6AE6-5FFA-420A-85EA-62F130899E18}.Export|x64.Build.0 = Export|x64
		{0D8F6AE6-5FFA-420A-85EA-62F130899E18}.Export|x64.Deploy.0 = Export|x64
		{0D8F6AE6-5FFA-420A-85EA-62F130899E18}.Export|x86.ActiveCfg = Export|Win32
		{0D8F6AE6-5FFA-420A-85EA-62F130899E18}.Export|x86.Build.0 = Export|Win32
		{0D8F6AE6-5FFA-420A-85EA-62F130899E18}.Export|x86.Deploy.0 = Export|Win32
		{0D8F6AE6-5FFA-420A-85EA-62F130899E18}.Release|x64.ActiveCfg = Release|x64
		{0D8F6AE6-5FFA-420A-85EA-62F130899E18}.Release|x64.Build.0 = Release|x64
		{0D8F6AE6-5FFA-420A-85EA-62F130899E18}.Release|x86.ActiveCfg = Release|Win32
		{0D8F6AE6-5FFA-420A-85EA-62F130899E18}.Release|x86.Build.0 = Release|Win32
		{339A427C-65D8-4089-8794-C04270F4F3F4}.Debug|x64.ActiveCfg = Debug|x64
		{339A427C-65D8-4089-8794-C04270F4F3F4}.Debug|x64.Build.0 = Debug|x64
		{339A427C-65D8-4089-8794-C04270F4F3F4}.Debug|x86.ActiveCfg = Debug|Win32
		{339A427C-65D8-4089-8794-C04270F4F3F4}.Debug|x86.Build.0 = Debug|Win32
		{339A427C-65D8-4089-8794-C04270F4F3F4}.Export|x64.ActiveCfg = Export|x64
		{339A427C-65D8-4089-8794-C04270F4F3F4}.Export|x64.Build.0 = Export|x64
		{339A427C-65D8-4089-8794-C04270F4F3F4}.Export|x86.ActiveCfg = Export|Win32
		{339A427C-65D8-4089-8794-C04270F4F3F4}.Export|x86.Build.0 = Export|Win32
		{339A427C-65D8-4089-8794-C04270F4F3F4}.Release|x64.ActiveCfg = Release|x64
		{339A427C-65D8-4089-8794-C04270F4F3F4}.Release|x64.Build.0 = Release|x64
		{339A427C-65D8-4089-8794-C04270F4F3F4}.Release|x86.ActiveCfg = Release|Win32
		{339A427C-65D8-4089-8794-C04270F4F3F4}.Release|x86.Build.0 = Release|Win32
	EndGlobalSection
	GlobalSection(SolutionProperties) = preSolution
		HideSolutionNode = FALSE
	EndGlobalSection
	GlobalSection(ExtensibilityGlobals) = postSolution
		SolutionGuid = {A9B0D27E-4C9C-482F-BE7B-1D7E8BB0ABD4}
	EndGlobalSection
EndGlobal
