<?xml version="1.0" encoding="utf-8"?>
<Project ToolsVersion="4.0" xmlns="http://schemas.microsoft.com/developer/msbuild/2003">
  <ItemGroup>
    <ClCompile Include="Run.cpp" />
  </ItemGroup>
  <ItemGroup>
    <Filter Include="CaysNet">
      <UniqueIdentifier>{39bbcbf9-0880-41a2-b460-f3f93f756ab3}</UniqueIdentifier>
    </Filter>
  </ItemGroup>
  <ItemGroup>
    <ClInclude Include="NN.h">
      <Filter>CaysNet</Filter>
    </ClInclude>
  </ItemGroup>
</Project>