
Microsoft Visual Studio Solution File, Format Version 12.00
# Visual Studio 15
VisualStudioVersion = 15.0.26228.29
MinimumVisualStudioVersion = 10.0.40219.1
Project("{8BC9CEB8-8B4A-11D0-8D11-00A0C91BC942}") = "TinNet", "TinNet\TinNet.vcxproj", "{D09C5062-ECA6-4002-9EF5-E613F9183971}"
EndProject
Project("{8BC9CEB8-8B4A-11D0-8D11-00A0C91BC942}") = "Example_MNIST", "Example_MNIST\Example_MNIST.vcxproj", "{C284C98F-F84D-43D8-9053-72657EED5ECC}"
	ProjectSection(ProjectDependencies) = postProject
		{D09C5062-ECA6-4002-9EF5-E613F9183971} = {D09C5062-ECA6-4002-9EF5-E613F9183971}
		{D040687B-4173-406B-8D91-B93BB0A42F21} = {D040687B-4173-406B-8D91-B93BB0A42F21}
	EndProjectSection
EndProject
Project("{8BC9CEB8-8B4A-11D0-8D11-00A0C91BC942}") = "Example_MNIST_CNN", "Example_MNIST_CNN\Example_MNIST_CNN.vcxproj", "{FBE3EDE3-D464-4A69-B670-9451A1AF9EF8}"
	ProjectSection(ProjectDependencies) = postProject
		{D09C5062-ECA6-4002-9EF5-E613F9183971} = {D09C5062-ECA6-4002-9EF5-E613F9183971}
	EndProjectSection
EndProject
Project("{8BC9CEB8-8B4A-11D0-8D11-00A0C91BC942}") = "TinNet_GPU", "TinNet_GPU\TinNet_GPU.vcxproj", "{ADAA6F21-1062-40B8-A259-818C6CC1CF1E}"
	ProjectSection(ProjectDependencies) = postProject
		{D09C5062-ECA6-4002-9EF5-E613F9183971} = {D09C5062-ECA6-4002-9EF5-E613F9183971}
	EndProjectSection
EndProject
Project("{8BC9CEB8-8B4A-11D0-8D11-00A0C91BC942}") = "Example_MNIST_GPU", "Example_MNIST_GPU\Example_MNIST_GPU.vcxproj", "{9F67C69E-AB74-41CA-890B-C59D4530DBD1}"
	ProjectSection(ProjectDependencies) = postProject
		{ADAA6F21-1062-40B8-A259-818C6CC1CF1E} = {ADAA6F21-1062-40B8-A259-818C6CC1CF1E}
		{D09C5062-ECA6-4002-9EF5-E613F9183971} = {D09C5062-ECA6-4002-9EF5-E613F9183971}
		{D040687B-4173-406B-8D91-B93BB0A42F21} = {D040687B-4173-406B-8D91-B93BB0A42F21}
	EndProjectSection
EndProject
Project("{8BC9CEB8-8B4A-11D0-8D11-00A0C91BC942}") = "Example_MCTS_Omoc", "Example_MCTS_Omoc\Example_MCTS_Omoc.vcxproj", "{61203BC2-CE06-4282-979F-A90A245E4B78}"
	ProjectSection(ProjectDependencies) = postProject
		{D09C5062-ECA6-4002-9EF5-E613F9183971} = {D09C5062-ECA6-4002-9EF5-E613F9183971}
	EndProjectSection
EndProject
Project("{8BC9CEB8-8B4A-11D0-8D11-00A0C91BC942}") = "Example_RL_Omoc", "Example_RL_Omoc\Example_RL_Omoc.vcxproj", "{F3979208-4635-4E89-9A82-4DF25309AB3B}"
	ProjectSection(ProjectDependencies) = postProject
		{D09C5062-ECA6-4002-9EF5-E613F9183971} = {D09C5062-ECA6-4002-9EF5-E613F9183971}
		{D040687B-4173-406B-8D91-B93BB0A42F21} = {D040687B-4173-406B-8D91-B93BB0A42F21}
	EndProjectSection
EndProject
Project("{8BC9CEB8-8B4A-11D0-8D11-00A0C91BC942}") = "TinNet_Dot", "TinNet_Dot\TinNet_Dot.vcxproj", "{D040687B-4173-406B-8D91-B93BB0A42F21}"
EndProject
Project("{8BC9CEB8-8B4A-11D0-8D11-00A0C91BC942}") = "Example_Graph_Basic", "Example_Graph_Basic\Example_Graph_Basic.vcxproj", "{E3BD4E64-073B-428B-98E5-37E44D5934EC}"
	ProjectSection(ProjectDependencies) = postProject
		{D09C5062-ECA6-4002-9EF5-E613F9183971} = {D09C5062-ECA6-4002-9EF5-E613F9183971}
	EndProjectSection
EndProject
Global
	GlobalSection(SolutionConfigurationPlatforms) = preSolution
		Debug|Win32 = Debug|Win32
		Debug|x64 = Debug|x64
		Export|Win32 = Export|Win32
		Export|x64 = Export|x64
		Release|Win32 = Release|Win32
		Release|x64 = Release|x64
	EndGlobalSection
	GlobalSection(ProjectConfigurationPlatforms) = postSolution
		{D09C5062-ECA6-4002-9EF5-E613F9183971}.Debug|Win32.ActiveCfg = Debug|Win32
		{D09C5062-ECA6-4002-9EF5-E613F9183971}.Debug|Win32.Build.0 = Debug|Win32
		{D09C5062-ECA6-4002-9EF5-E613F9183971}.Debug|x64.ActiveCfg = Debug|x64
		{D09C5062-ECA6-4002-9EF5-E613F9183971}.Debug|x64.Build.0 = Debug|x64
		{D09C5062-ECA6-4002-9EF5-E613F9183971}.Export|Win32.ActiveCfg = Export|Win32
		{D09C5062-ECA6-4002-9EF5-E613F9183971}.Export|Win32.Build.0 = Export|Win32
		{D09C5062-ECA6-4002-9EF5-E613F9183971}.Export|x64.ActiveCfg = Export|x64
		{D09C5062-ECA6-4002-9EF5-E613F9183971}.Export|x64.Build.0 = Export|x64
		{D09C5062-ECA6-4002-9EF5-E613F9183971}.Release|Win32.ActiveCfg = Release|Win32
		{D09C5062-ECA6-4002-9EF5-E613F9183971}.Release|Win32.Build.0 = Release|Win32
		{D09C5062-ECA6-4002-9EF5-E613F9183971}.Release|x64.ActiveCfg = Release|x64
		{D09C5062-ECA6-4002-9EF5-E613F9183971}.Release|x64.Build.0 = Release|x64
		{C284C98F-F84D-43D8-9053-72657EED5ECC}.Debug|Win32.ActiveCfg = Debug|Win32
		{C284C98F-F84D-43D8-9053-72657EED5ECC}.Debug|Win32.Build.0 = Debug|Win32
		{C284C98F-F84D-43D8-9053-72657EED5ECC}.Debug|x64.ActiveCfg = Debug|x64
		{C284C98F-F84D-43D8-9053-72657EED5ECC}.Debug|x64.Build.0 = Debug|x64
		{C284C98F-F84D-43D8-9053-72657EED5ECC}.Export|Win32.ActiveCfg = Export|Win32
		{C284C98F-F84D-43D8-9053-72657EED5ECC}.Export|Win32.Build.0 = Export|Win32
		{C284C98F-F84D-43D8-9053-72657EED5ECC}.Export|x64.ActiveCfg = Export|x64
		{C284C98F-F84D-43D8-9053-72657EED5ECC}.Export|x64.Build.0 = Export|x64
		{C284C98F-F84D-43D8-9053-72657EED5ECC}.Release|Win32.ActiveCfg = Release|Win32
		{C284C98F-F84D-43D8-9053-72657EED5ECC}.Release|Win32.Build.0 = Release|Win32
		{C284C98F-F84D-43D8-9053-72657EED5ECC}.Release|x64.ActiveCfg = Release|x64
		{C284C98F-F84D-43D8-9053-72657EED5ECC}.Release|x64.Build.0 = Release|x64
		{FBE3EDE3-D464-4A69-B670-9451A1AF9EF8}.Debug|Win32.ActiveCfg = Debug|Win32
		{FBE3EDE3-D464-4A69-B670-9451A1AF9EF8}.Debug|Win32.Build.0 = Debug|Win32
		{FBE3EDE3-D464-4A69-B670-9451A1AF9EF8}.Debug|x64.ActiveCfg = Debug|x64
		{FBE3EDE3-D464-4A69-B670-9451A1AF9EF8}.Debug|x64.Build.0 = Debug|x64
		{FBE3EDE3-D464-4A69-B670-9451A1AF9EF8}.Export|Win32.ActiveCfg = Export|Win32
		{FBE3EDE3-D464-4A69-B670-9451A1AF9EF8}.Export|Win32.Build.0 = Export|Win32
		{FBE3EDE3-D464-4A69-B670-9451A1AF9EF8}.Export|x64.ActiveCfg = Export|x64
		{FBE3EDE3-D464-4A69-B670-9451A1AF9EF8}.Export|x64.Build.0 = Export|x64
		{FBE3EDE3-D464-4A69-B670-9451A1AF9EF8}.Release|Win32.ActiveCfg = Release|Win32
		{FBE3EDE3-D464-4A69-B670-9451A1AF9EF8}.Release|Win32.Build.0 = Release|Win32
		{FBE3EDE3-D464-4A69-B670-9451A1AF9EF8}.Release|x64.ActiveCfg = Release|x64
		{FBE3EDE3-D464-4A69-B670-9451A1AF9EF8}.Release|x64.Build.0 = Release|x64
		{ADAA6F21-1062-40B8-A259-818C6CC1CF1E}.Debug|Win32.ActiveCfg = Debug|Win32
		{ADAA6F21-1062-40B8-A259-818C6CC1CF1E}.Debug|Win32.Build.0 = Debug|Win32
		{ADAA6F21-1062-40B8-A259-818C6CC1CF1E}.Debug|x64.ActiveCfg = Debug|x64
		{ADAA6F21-1062-40B8-A259-818C6CC1CF1E}.Debug|x64.Build.0 = Debug|x64
		{ADAA6F21-1062-40B8-A259-818C6CC1CF1E}.Export|Win32.ActiveCfg = Export|Win32
		{ADAA6F21-1062-40B8-A259-818C6CC1CF1E}.Export|Win32.Build.0 = Export|Win32
		{ADAA6F21-1062-40B8-A259-818C6CC1CF1E}.Export|x64.ActiveCfg = Export|x64
		{ADAA6F21-1062-40B8-A259-818C6CC1CF1E}.Export|x64.Build.0 = Export|x64
		{ADAA6F21-1062-40B8-A259-818C6CC1CF1E}.Release|Win32.ActiveCfg = Release|Win32
		{ADAA6F21-1062-40B8-A259-818C6CC1CF1E}.Release|Win32.Build.0 = Release|Win32
		{ADAA6F21-1062-40B8-A259-818C6CC1CF1E}.Release|x64.ActiveCfg = Release|x64
		{ADAA6F21-1062-40B8-A259-818C6CC1CF1E}.Release|x64.Build.0 = Release|x64
		{9F67C69E-AB74-41CA-890B-C59D4530DBD1}.Debug|Win32.ActiveCfg = Debug|Win32
		{9F67C69E-AB74-41CA-890B-C59D4530DBD1}.Debug|Win32.Build.0 = Debug|Win32
		{9F67C69E-AB74-41CA-890B-C59D4530DBD1}.Debug|x64.ActiveCfg = Debug|x64
		{9F67C69E-AB74-41CA-890B-C59D4530DBD1}.Debug|x64.Build.0 = Debug|x64
		{9F67C69E-AB74-41CA-890B-C59D4530DBD1}.Export|Win32.ActiveCfg = Export|Win32
		{9F67C69E-AB74-41CA-890B-C59D4530DBD1}.Export|Win32.Build.0 = Export|Win32
		{9F67C69E-AB74-41CA-890B-C59D4530DBD1}.Export|x64.ActiveCfg = Export|x64
		{9F67C69E-AB74-41CA-890B-C59D4530DBD1}.Export|x64.Build.0 = Export|x64
		{9F67C69E-AB74-41CA-890B-C59D4530DBD1}.Release|Win32.ActiveCfg = Release|Win32
		{9F67C69E-AB74-41CA-890B-C59D4530DBD1}.Release|Win32.Build.0 = Release|Win32
		{9F67C69E-AB74-41CA-890B-C59D4530DBD1}.Release|x64.ActiveCfg = Release|x64
		{9F67C69E-AB74-41CA-890B-C59D4530DBD1}.Release|x64.Build.0 = Release|x64
		{61203BC2-CE06-4282-979F-A90A245E4B78}.Debug|Win32.ActiveCfg = Debug|Win32
		{61203BC2-CE06-4282-979F-A90A245E4B78}.Debug|Win32.Build.0 = Debug|Win32
		{61203BC2-CE06-4282-979F-A90A245E4B78}.Debug|x64.ActiveCfg = Debug|x64
		{61203BC2-CE06-4282-979F-A90A245E4B78}.Debug|x64.Build.0 = Debug|x64
		{61203BC2-CE06-4282-979F-A90A245E4B78}.Export|Win32.ActiveCfg = Export|Win32
		{61203BC2-CE06-4282-979F-A90A245E4B78}.Export|Win32.Build.0 = Export|Win32
		{61203BC2-CE06-4282-979F-A90A245E4B78}.Export|x64.ActiveCfg = Export|x64
		{61203BC2-CE06-4282-979F-A90A245E4B78}.Export|x64.Build.0 = Export|x64
		{61203BC2-CE06-4282-979F-A90A245E4B78}.Release|Win32.ActiveCfg = Release|Win32
		{61203BC2-CE06-4282-979F-A90A245E4B78}.Release|Win32.Build.0 = Release|Win32
		{61203BC2-CE06-4282-979F-A90A245E4B78}.Release|x64.ActiveCfg = Release|x64
		{61203BC2-CE06-4282-979F-A90A245E4B78}.Release|x64.Build.0 = Release|x64
		{F3979208-4635-4E89-9A82-4DF25309AB3B}.Debug|Win32.ActiveCfg = Debug|Win32
		{F3979208-4635-4E89-9A82-4DF25309AB3B}.Debug|Win32.Build.0 = Debug|Win32
		{F3979208-4635-4E89-9A82-4DF25309AB3B}.Debug|x64.ActiveCfg = Debug|x64
		{F3979208-4635-4E89-9A82-4DF25309AB3B}.Debug|x64.Build.0 = Debug|x64
		{F3979208-4635-4E89-9A82-4DF25309AB3B}.Export|Win32.ActiveCfg = Export|Win32
		{F3979208-4635-4E89-9A82-4DF25309AB3B}.Export|Win32.Build.0 = Export|Win32
		{F3979208-4635-4E89-9A82-4DF25309AB3B}.Export|x64.ActiveCfg = Export|x64
		{F3979208-4635-4E89-9A82-4DF25309AB3B}.Export|x64.Build.0 = Export|x64
		{F3979208-4635-4E89-9A82-4DF25309AB3B}.Release|Win32.ActiveCfg = Release|Win32
		{F3979208-4635-4E89-9A82-4DF25309AB3B}.Release|Win32.Build.0 = Release|Win32
		{F3979208-4635-4E89-9A82-4DF25309AB3B}.Release|x64.ActiveCfg = Release|x64
		{F3979208-4635-4E89-9A82-4DF25309AB3B}.Release|x64.Build.0 = Release|x64
		{D040687B-4173-406B-8D91-B93BB0A42F21}.Debug|Win32.ActiveCfg = Debug|Win32
		{D040687B-4173-406B-8D91-B93BB0A42F21}.Debug|Win32.Build.0 = Debug|Win32
		{D040687B-4173-406B-8D91-B93BB0A42F21}.Debug|x64.ActiveCfg = Debug|x64
		{D040687B-4173-406B-8D91-B93BB0A42F21}.Debug|x64.Build.0 = Debug|x64
		{D040687B-4173-406B-8D91-B93BB0A42F21}.Export|Win32.ActiveCfg = Export|Win32
		{D040687B-4173-406B-8D91-B93BB0A42F21}.Export|Win32.Build.0 = Export|Win32
		{D040687B-4173-406B-8D91-B93BB0A42F21}.Export|x64.ActiveCfg = Export|x64
		{D040687B-4173-406B-8D91-B93BB0A42F21}.Export|x64.Build.0 = Export|x64
		{D040687B-4173-406B-8D91-B93BB0A42F21}.Release|Win32.ActiveCfg = Release|Win32
		{D040687B-4173-406B-8D91-B93BB0A42F21}.Release|Win32.Build.0 = Release|Win32
		{D040687B-4173-406B-8D91-B93BB0A42F21}.Release|x64.ActiveCfg = Release|x64
		{D040687B-4173-406B-8D91-B93BB0A42F21}.Release|x64.Build.0 = Release|x64
		{E3BD4E64-073B-428B-98E5-37E44D5934EC}.Debug|Win32.ActiveCfg = Debug|Win32
		{E3BD4E64-073B-428B-98E5-37E44D5934EC}.Debug|Win32.Build.0 = Debug|Win32
		{E3BD4E64-073B-428B-98E5-37E44D5934EC}.Debug|x64.ActiveCfg = Debug|x64
		{E3BD4E64-073B-428B-98E5-37E44D5934EC}.Debug|x64.Build.0 = Debug|x64
		{E3BD4E64-073B-428B-98E5-37E44D5934EC}.Export|Win32.ActiveCfg = Export|Win32
		{E3BD4E64-073B-428B-98E5-37E44D5934EC}.Export|Win32.Build.0 = Export|Win32
		{E3BD4E64-073B-428B-98E5-37E44D5934EC}.Export|x64.ActiveCfg = Export|x64
		{E3BD4E64-073B-428B-98E5-37E44D5934EC}.Export|x64.Build.0 = Export|x64
		{E3BD4E64-073B-428B-98E5-37E44D5934EC}.Release|Win32.ActiveCfg = Release|Win32
		{E3BD4E64-073B-428B-98E5-37E44D5934EC}.Release|Win32.Build.0 = Release|Win32
		{E3BD4E64-073B-428B-98E5-37E44D5934EC}.Release|x64.ActiveCfg = Release|x64
		{E3BD4E64-073B-428B-98E5-37E44D5934EC}.Release|x64.Build.0 = Release|x64
	EndGlobalSection
	GlobalSection(SolutionProperties) = preSolution
		HideSolutionNode = FALSE
	EndGlobalSection
	GlobalSection(ExtensibilityGlobals) = postSolution
		SolutionGuid = {AE820B01-B435-4237-9C30-C05181201A31}
	EndGlobalSection
EndGlobal
