
Microsoft Visual Studio Solution File, Format Version 12.00
# Visual Studio 15
VisualStudioVersion = 15.0.26228.29
MinimumVisualStudioVersion = 10.0.40219.1
Project("{8BC9CEB8-8B4A-11D0-8D11-00A0C91BC942}") = "TinNet", "TinNet\TinNet.vcxproj", "{D09C5062-ECA6-4002-9EF5-E613F9183971}"
EndProject
Project("{8BC9CEB8-8B4A-11D0-8D11-00A0C91BC942}") = "TinNet_GPU", "TinNet_GPU\TinNet_GPU.vcxproj", "{ADAA6F21-1062-40B8-A259-818C6CC1CF1E}"
	ProjectSection(ProjectDependencies) = postProject
		{D09C5062-ECA6-4002-9EF5-E613F9183971} = {D09C5062-ECA6-4002-9EF5-E613F9183971}
	EndProjectSection
EndProject
Project("{8BC9CEB8-8B4A-11D0-8D11-00A0C91BC942}") = "TinNet_Dot", "TinNet_Dot\TinNet_Dot.vcxproj", "{D040687B-4173-406B-8D91-B93BB0A42F21}"
EndProject
Project("{8BC9CEB8-8B4A-11D0-8D11-00A0C91BC942}") = "Example_Graph_Basic", "Example_Graph_Basic\Example_Graph_Basic.vcxproj", "{E3BD4E64-073B-428B-98E5-37E44D5934EC}"
	ProjectSection(ProjectDependencies) = postProject
		{D09C5062-ECA6-4002-9EF5-E613F9183971} = {D09C5062-ECA6-4002-9EF5-E613F9183971}
	EndProjectSection
EndProject
Project("{8BC9CEB8-8B4A-11D0-8D11-00A0C91BC942}") = "Example_MNIST_Basic", "Example_MNIST_Basic\Example_MNIST_Basic.vcxproj", "{949F1BF9-B8AD-415E-8DD7-A4C704247164}"
	ProjectSection(ProjectDependencies) = postProject
		{D09C5062-ECA6-4002-9EF5-E613F9183971} = {D09C5062-ECA6-4002-9EF5-E613F9183971}
	EndProjectSection
EndProject
Project("{8BC9CEB8-8B4A-11D0-8D11-00A0C91BC942}") = "Example_MNIST_CNN", "Example_MNIST_CNN\Example_MNIST_CNN.vcxproj", "{332E2497-C833-4E88-9FEF-E00C51FE5688}"
	ProjectSection(ProjectDependencies) = postProject
		{D09C5062-ECA6-4002-9EF5-E613F9183971} = {D09C5062-ECA6-4002-9EF5-E613F9183971}
	EndProjectSection
EndProject
Project("{8BC9CEB8-8B4A-11D0-8D11-00A0C91BC942}") = "Example_MNIST_GAN", "Example_MNIST_GAN\Example_MNIST_GAN.vcxproj", "{959CDCBD-CCA4-45F9-90F1-6F8357E35C97}"
	ProjectSection(ProjectDependencies) = postProject
		{D09C5062-ECA6-4002-9EF5-E613F9183971} = {D09C5062-ECA6-4002-9EF5-E613F9183971}
	EndProjectSection
EndProject
Global
	GlobalSection(SolutionConfigurationPlatforms) = preSolution
		Debug|Win32 = Debug|Win32
		Debug|x64 = Debug|x64
		Export|Win32 = Export|Win32
		Export|x64 = Export|x64
		Release|Win32 = Release|Win32
		Release|x64 = Release|x64
	EndGlobalSection
	GlobalSection(ProjectConfigurationPlatforms) = postSolution
		{D09C5062-ECA6-4002-9EF5-E613F9183971}.Debug|Win32.ActiveCfg = Debug|Win32
		{D09C5062-ECA6-4002-9EF5-E613F9183971}.Debug|Win32.Build.0 = Debug|Win32
		{D09C5062-ECA6-4002-9EF5-E613F9183971}.Debug|x64.ActiveCfg = Debug|x64
		{D09C5062-ECA6-4002-9EF5-E613F9183971}.Debug|x64.Build.0 = Debug|x64
		{D09C5062-ECA6-4002-9EF5-E613F9183971}.Export|Win32.ActiveCfg = Export|Win32
		{D09C5062-ECA6-4002-9EF5-E613F9183971}.Export|Win32.Build.0 = Export|Win32
		{D09C5062-ECA6-4002-9EF5-E613F9183971}.Export|x64.ActiveCfg = Export|x64
		{D09C5062-ECA6-4002-9EF5-E613F9183971}.Export|x64.Build.0 = Export|x64
		{D09C5062-ECA6-4002-9EF5-E613F9183971}.Release|Win32.ActiveCfg = Release|Win32
		{D09C5062-ECA6-4002-9EF5-E613F9183971}.Release|Win32.Build.0 = Release|Win32
		{D09C5062-ECA6-4002-9EF5-E613F9183971}.Release|x64.ActiveCfg = Release|x64
		{D09C5062-ECA6-4002-9EF5-E613F9183971}.Release|x64.Build.0 = Release|x64
		{ADAA6F21-1062-40B8-A259-818C6CC1CF1E}.Debug|Win32.ActiveCfg = Debug|Win32
		{ADAA6F21-1062-40B8-A259-818C6CC1CF1E}.Debug|Win32.Build.0 = Debug|Win32
		{ADAA6F21-1062-40B8-A259-818C6CC1CF1E}.Debug|x64.ActiveCfg = Debug|x64
		{ADAA6F21-1062-40B8-A259-818C6CC1CF1E}.Debug|x64.Build.0 = Debug|x64
		{ADAA6F21-1062-40B8-A259-818C6CC1CF1E}.Export|Win32.ActiveCfg = Export|Win32
		{ADAA6F21-1062-40B8-A259-818C6CC1CF1E}.Export|Win32.Build.0 = Export|Win32
		{ADAA6F21-1062-40B8-A259-818C6CC1CF1E}.Export|x64.ActiveCfg = Export|x64
		{ADAA6F21-1062-40B8-A259-818C6CC1CF1E}.Export|x64.Build.0 = Export|x64
		{ADAA6F21-1062-40B8-A259-818C6CC1CF1E}.Release|Win32.ActiveCfg = Release|Win32
		{ADAA6F21-1062-40B8-A259-818C6CC1CF1E}.Release|Win32.Build.0 = Release|Win32
		{ADAA6F21-1062-40B8-A259-818C6CC1CF1E}.Release|x64.ActiveCfg = Release|x64
		{ADAA6F21-1062-40B8-A259-818C6CC1CF1E}.Release|x64.Build.0 = Release|x64
		{D040687B-4173-406B-8D91-B93BB0A42F21}.Debug|Win32.ActiveCfg = Debug|Win32
		{D040687B-4173-406B-8D91-B93BB0A42F21}.Debug|Win32.Build.0 = Debug|Win32
		{D040687B-4173-406B-8D91-B93BB0A42F21}.Debug|x64.ActiveCfg = Debug|x64
		{D040687B-4173-406B-8D91-B93BB0A42F21}.Debug|x64.Build.0 = Debug|x64
		{D040687B-4173-406B-8D91-B93BB0A42F21}.Export|Win32.ActiveCfg = Export|Win32
		{D040687B-4173-406B-8D91-B93BB0A42F21}.Export|Win32.Build.0 = Export|Win32
		{D040687B-4173-406B-8D91-B93BB0A42F21}.Export|x64.ActiveCfg = Export|x64
		{D040687B-4173-406B-8D91-B93BB0A42F21}.Export|x64.Build.0 = Export|x64
		{D040687B-4173-406B-8D91-B93BB0A42F21}.Release|Win32.ActiveCfg = Release|Win32
		{D040687B-4173-406B-8D91-B93BB0A42F21}.Release|Win32.Build.0 = Release|Win32
		{D040687B-4173-406B-8D91-B93BB0A42F21}.Release|x64.ActiveCfg = Release|x64
		{D040687B-4173-406B-8D91-B93BB0A42F21}.Release|x64.Build.0 = Release|x64
		{E3BD4E64-073B-428B-98E5-37E44D5934EC}.Debug|Win32.ActiveCfg = Debug|Win32
		{E3BD4E64-073B-428B-98E5-37E44D5934EC}.Debug|Win32.Build.0 = Debug|Win32
		{E3BD4E64-073B-428B-98E5-37E44D5934EC}.Debug|x64.ActiveCfg = Debug|x64
		{E3BD4E64-073B-428B-98E5-37E44D5934EC}.Debug|x64.Build.0 = Debug|x64
		{E3BD4E64-073B-428B-98E5-37E44D5934EC}.Export|Win32.ActiveCfg = Export|Win32
		{E3BD4E64-073B-428B-98E5-37E44D5934EC}.Export|Win32.Build.0 = Export|Win32
		{E3BD4E64-073B-428B-98E5-37E44D5934EC}.Export|x64.ActiveCfg = Export|x64
		{E3BD4E64-073B-428B-98E5-37E44D5934EC}.Export|x64.Build.0 = Export|x64
		{E3BD4E64-073B-428B-98E5-37E44D5934EC}.Release|Win32.ActiveCfg = Release|Win32
		{E3BD4E64-073B-428B-98E5-37E44D5934EC}.Release|Win32.Build.0 = Release|Win32
		{E3BD4E64-073B-428B-98E5-37E44D5934EC}.Release|x64.ActiveCfg = Release|x64
		{E3BD4E64-073B-428B-98E5-37E44D5934EC}.Release|x64.Build.0 = Release|x64
		{949F1BF9-B8AD-415E-8DD7-A4C704247164}.Debug|Win32.ActiveCfg = Debug|Win32
		{949F1BF9-B8AD-415E-8DD7-A4C704247164}.Debug|Win32.Build.0 = Debug|Win32
		{949F1BF9-B8AD-415E-8DD7-A4C704247164}.Debug|x64.ActiveCfg = Debug|x64
		{949F1BF9-B8AD-415E-8DD7-A4C704247164}.Debug|x64.Build.0 = Debug|x64
		{949F1BF9-B8AD-415E-8DD7-A4C704247164}.Export|Win32.ActiveCfg = Export|Win32
		{949F1BF9-B8AD-415E-8DD7-A4C704247164}.Export|Win32.Build.0 = Export|Win32
		{949F1BF9-B8AD-415E-8DD7-A4C704247164}.Export|x64.ActiveCfg = Export|x64
		{949F1BF9-B8AD-415E-8DD7-A4C704247164}.Export|x64.Build.0 = Export|x64
		{949F1BF9-B8AD-415E-8DD7-A4C704247164}.Release|Win32.ActiveCfg = Release|Win32
		{949F1BF9-B8AD-415E-8DD7-A4C704247164}.Release|Win32.Build.0 = Release|Win32
		{949F1BF9-B8AD-415E-8DD7-A4C704247164}.Release|x64.ActiveCfg = Release|x64
		{949F1BF9-B8AD-415E-8DD7-A4C704247164}.Release|x64.Build.0 = Release|x64
		{332E2497-C833-4E88-9FEF-E00C51FE5688}.Debug|Win32.ActiveCfg = Debug|Win32
		{332E2497-C833-4E88-9FEF-E00C51FE5688}.Debug|Win32.Build.0 = Debug|Win32
		{332E2497-C833-4E88-9FEF-E00C51FE5688}.Debug|x64.ActiveCfg = Debug|x64
		{332E2497-C833-4E88-9FEF-E00C51FE5688}.Debug|x64.Build.0 = Debug|x64
		{332E2497-C833-4E88-9FEF-E00C51FE5688}.Export|Win32.ActiveCfg = Export|Win32
		{332E2497-C833-4E88-9FEF-E00C51FE5688}.Export|Win32.Build.0 = Export|Win32
		{332E2497-C833-4E88-9FEF-E00C51FE5688}.Export|x64.ActiveCfg = Export|x64
		{332E2497-C833-4E88-9FEF-E00C51FE5688}.Export|x64.Build.0 = Export|x64
		{332E2497-C833-4E88-9FEF-E00C51FE5688}.Release|Win32.ActiveCfg = Release|Win32
		{332E2497-C833-4E88-9FEF-E00C51FE5688}.Release|Win32.Build.0 = Release|Win32
		{332E2497-C833-4E88-9FEF-E00C51FE5688}.Release|x64.ActiveCfg = Release|x64
		{332E2497-C833-4E88-9FEF-E00C51FE5688}.Release|x64.Build.0 = Release|x64
		{959CDCBD-CCA4-45F9-90F1-6F8357E35C97}.Debug|Win32.ActiveCfg = Debug|Win32
		{959CDCBD-CCA4-45F9-90F1-6F8357E35C97}.Debug|Win32.Build.0 = Debug|Win32
		{959CDCBD-CCA4-45F9-90F1-6F8357E35C97}.Debug|x64.ActiveCfg = Debug|x64
		{959CDCBD-CCA4-45F9-90F1-6F8357E35C97}.Debug|x64.Build.0 = Debug|x64
		{959CDCBD-CCA4-45F9-90F1-6F8357E35C97}.Export|Win32.ActiveCfg = Export|Win32
		{959CDCBD-CCA4-45F9-90F1-6F8357E35C97}.Export|Win32.Build.0 = Export|Win32
		{959CDCBD-CCA4-45F9-90F1-6F8357E35C97}.Export|x64.ActiveCfg = Export|x64
		{959CDCBD-CCA4-45F9-90F1-6F8357E35C97}.Export|x64.Build.0 = Export|x64
		{959CDCBD-CCA4-45F9-90F1-6F8357E35C97}.Release|Win32.ActiveCfg = Release|Win32
		{959CDCBD-CCA4-45F9-90F1-6F8357E35C97}.Release|Win32.Build.0 = Release|Win32
		{959CDCBD-CCA4-45F9-90F1-6F8357E35C97}.Release|x64.ActiveCfg = Release|x64
		{959CDCBD-CCA4-45F9-90F1-6F8357E35C97}.Release|x64.Build.0 = Release|x64
	EndGlobalSection
	GlobalSection(SolutionProperties) = preSolution
		HideSolutionNode = FALSE
	EndGlobalSection
	GlobalSection(ExtensibilityGlobals) = postSolution
		SolutionGuid = {AE820B01-B435-4237-9C30-C05181201A31}
	EndGlobalSection
EndGlobal
