<?xml version="1.0" encoding="utf-8"?>
<Project ToolsVersion="4.0" xmlns="http://schemas.microsoft.com/developer/msbuild/2003">
  <ItemGroup>
    <Filter Include="CaysNet">
      <UniqueIdentifier>{fb4d872a-1aff-48b9-a082-b5685cfd0211}</UniqueIdentifier>
    </Filter>
    <Filter Include="CaysNet\Activation">
      <UniqueIdentifier>{d45bb795-2d2a-4e76-a7ed-43f8b717ccb8}</UniqueIdentifier>
    </Filter>
    <Filter Include="CaysNet\Optimizer">
      <UniqueIdentifier>{a4417830-d9b1-4f56-b66a-a9b999c2f283}</UniqueIdentifier>
    </Filter>
    <Filter Include="CaysNet\Loss">
      <UniqueIdentifier>{078789f3-99a8-429f-a6b7-52012bdeb2e0}</UniqueIdentifier>
    </Filter>
    <Filter Include="CaysNet\Initializer">
      <UniqueIdentifier>{3d7dc2fc-3c2b-42cd-a06f-6f879ab796df}</UniqueIdentifier>
    </Filter>
    <Filter Include="CaysNet\Visualizer">
      <UniqueIdentifier>{2677b10e-72ad-4029-b527-fe8e82915869}</UniqueIdentifier>
    </Filter>
    <Filter Include="CaysNet\IO">
      <UniqueIdentifier>{88da9943-515b-4e75-bb5f-86c443f73963}</UniqueIdentifier>
    </Filter>
    <Filter Include="CaysNet\Optimizer\Supervised">
      <UniqueIdentifier>{51c773b9-bee3-45dc-9409-edcc56bc4775}</UniqueIdentifier>
    </Filter>
  </ItemGroup>
  <ItemGroup>
    <ClCompile Include="CaysNet\Activation\Activations.cpp">
      <Filter>CaysNet\Activation</Filter>
    </ClCompile>
    <ClCompile Include="CaysNet\Activation\Linear.cpp">
      <Filter>CaysNet\Activation</Filter>
    </ClCompile>
    <ClCompile Include="CaysNet\Activation\LReLU.cpp">
      <Filter>CaysNet\Activation</Filter>
    </ClCompile>
    <ClCompile Include="CaysNet\Activation\PReLU.cpp">
      <Filter>CaysNet\Activation</Filter>
    </ClCompile>
    <ClCompile Include="CaysNet\Activation\ReLU.cpp">
      <Filter>CaysNet\Activation</Filter>
    </ClCompile>
    <ClCompile Include="CaysNet\Activation\Sigmoid.cpp">
      <Filter>CaysNet\Activation</Filter>
    </ClCompile>
    <ClCompile Include="CaysNet\Activation\Softmax.cpp">
      <Filter>CaysNet\Activation</Filter>
    </ClCompile>
    <ClCompile Include="CaysNet\Activation\TanH.cpp">
      <Filter>CaysNet\Activation</Filter>
    </ClCompile>
    <ClCompile Include="CaysNet\Initializer\Constant.cpp">
      <Filter>CaysNet\Initializer</Filter>
    </ClCompile>
    <ClCompile Include="CaysNet\Initializer\Glorot.cpp">
      <Filter>CaysNet\Initializer</Filter>
    </ClCompile>
    <ClCompile Include="CaysNet\Initializer\He.cpp">
      <Filter>CaysNet\Initializer</Filter>
    </ClCompile>
    <ClCompile Include="CaysNet\Initializer\Normal.cpp">
      <Filter>CaysNet\Initializer</Filter>
    </ClCompile>
    <ClCompile Include="CaysNet\Initializer\Uniform.cpp">
      <Filter>CaysNet\Initializer</Filter>
    </ClCompile>
    <ClCompile Include="CaysNet\Initializer\Xavier.cpp">
      <Filter>CaysNet\Initializer</Filter>
    </ClCompile>
    <ClCompile Include="CaysNet\IO\Serializable.cpp">
      <Filter>CaysNet\IO</Filter>
    </ClCompile>
    <ClCompile Include="CaysNet\Loss\MSE.cpp">
      <Filter>CaysNet\Loss</Filter>
    </ClCompile>
    <ClCompile Include="CaysNet\Loss\MulticlassCE.cpp">
      <Filter>CaysNet\Loss</Filter>
    </ClCompile>
    <ClCompile Include="CaysNet\Optimizer\Supervised\Momentum.cpp">
      <Filter>CaysNet\Optimizer\Supervised</Filter>
    </ClCompile>
    <ClCompile Include="CaysNet\Optimizer\Supervised\SGD.cpp">
      <Filter>CaysNet\Optimizer\Supervised</Filter>
    </ClCompile>
    <ClCompile Include="CaysNet\Visualizer\ConsoleVisualizer.cpp">
      <Filter>CaysNet\Visualizer</Filter>
    </ClCompile>
    <ClCompile Include="CaysNet\Visualizer\CSVLossExporter.cpp">
      <Filter>CaysNet\Visualizer</Filter>
    </ClCompile>
    <ClCompile Include="CaysNet\Layer.cpp">
      <Filter>CaysNet</Filter>
    </ClCompile>
    <ClCompile Include="CaysNet\NN.cpp">
      <Filter>CaysNet</Filter>
    </ClCompile>
    <ClCompile Include="CaysNet\Loss\CE.cpp">
      <Filter>CaysNet\Loss</Filter>
    </ClCompile>
    <ClCompile Include="CaysNet\Optimizer\Supervised\NAG.cpp">
      <Filter>CaysNet\Optimizer\Supervised</Filter>
    </ClCompile>
  </ItemGroup>
  <ItemGroup>
    <ClInclude Include="CaysNet\Activation\Activation.h">
      <Filter>CaysNet\Activation</Filter>
    </ClInclude>
    <ClInclude Include="CaysNet\Activation\Activations.h">
      <Filter>CaysNet\Activation</Filter>
    </ClInclude>
    <ClInclude Include="CaysNet\Activation\Linear.h">
      <Filter>CaysNet\Activation</Filter>
    </ClInclude>
    <ClInclude Include="CaysNet\Activation\LReLU.h">
      <Filter>CaysNet\Activation</Filter>
    </ClInclude>
    <ClInclude Include="CaysNet\Activation\PReLU.h">
      <Filter>CaysNet\Activation</Filter>
    </ClInclude>
    <ClInclude Include="CaysNet\Activation\ReLU.h">
      <Filter>CaysNet\Activation</Filter>
    </ClInclude>
    <ClInclude Include="CaysNet\Activation\Sigmoid.h">
      <Filter>CaysNet\Activation</Filter>
    </ClInclude>
    <ClInclude Include="CaysNet\Activation\Softmax.h">
      <Filter>CaysNet\Activation</Filter>
    </ClInclude>
    <ClInclude Include="CaysNet\Activation\TanH.h">
      <Filter>CaysNet\Activation</Filter>
    </ClInclude>
    <ClInclude Include="CaysNet\Initializer\Constant.h">
      <Filter>CaysNet\Initializer</Filter>
    </ClInclude>
    <ClInclude Include="CaysNet\Initializer\Glorot.h">
      <Filter>CaysNet\Initializer</Filter>
    </ClInclude>
    <ClInclude Include="CaysNet\Initializer\He.h">
      <Filter>CaysNet\Initializer</Filter>
    </ClInclude>
    <ClInclude Include="CaysNet\Initializer\Initializers.h">
      <Filter>CaysNet\Initializer</Filter>
    </ClInclude>
    <ClInclude Include="CaysNet\Initializer\Normal.h">
      <Filter>CaysNet\Initializer</Filter>
    </ClInclude>
    <ClInclude Include="CaysNet\Initializer\Uniform.h">
      <Filter>CaysNet\Initializer</Filter>
    </ClInclude>
    <ClInclude Include="CaysNet\Initializer\Xavier.h">
      <Filter>CaysNet\Initializer</Filter>
    </ClInclude>
    <ClInclude Include="CaysNet\IO\Serializable.h">
      <Filter>CaysNet\IO</Filter>
    </ClInclude>
    <ClInclude Include="CaysNet\Loss\Losses.h">
      <Filter>CaysNet\Loss</Filter>
    </ClInclude>
    <ClInclude Include="CaysNet\Loss\MSE.h">
      <Filter>CaysNet\Loss</Filter>
    </ClInclude>
    <ClInclude Include="CaysNet\Loss\MulticlassCE.h">
      <Filter>CaysNet\Loss</Filter>
    </ClInclude>
    <ClInclude Include="CaysNet\Optimizer\Supervised\Momentum.h">
      <Filter>CaysNet\Optimizer\Supervised</Filter>
    </ClInclude>
    <ClInclude Include="CaysNet\Optimizer\Supervised\Momentum.hpp">
      <Filter>CaysNet\Optimizer\Supervised</Filter>
    </ClInclude>
    <ClInclude Include="CaysNet\Optimizer\Supervised\SGD.h">
      <Filter>CaysNet\Optimizer\Supervised</Filter>
    </ClInclude>
    <ClInclude Include="CaysNet\Optimizer\Supervised\SGD.hpp">
      <Filter>CaysNet\Optimizer\Supervised</Filter>
    </ClInclude>
    <ClInclude Include="CaysNet\Optimizer\Optimizers.h">
      <Filter>CaysNet\Optimizer</Filter>
    </ClInclude>
    <ClInclude Include="CaysNet\Visualizer\ConsoleVisualizer.h">
      <Filter>CaysNet\Visualizer</Filter>
    </ClInclude>
    <ClInclude Include="CaysNet\Visualizer\CSVLossExporter.h">
      <Filter>CaysNet\Visualizer</Filter>
    </ClInclude>
    <ClInclude Include="CaysNet\CaysNet.h">
      <Filter>CaysNet</Filter>
    </ClInclude>
    <ClInclude Include="CaysNet\Layer.h">
      <Filter>CaysNet</Filter>
    </ClInclude>
    <ClInclude Include="CaysNet\NN.h">
      <Filter>CaysNet</Filter>
    </ClInclude>
    <ClInclude Include="CaysNet\NN.hpp">
      <Filter>CaysNet</Filter>
    </ClInclude>
    <ClInclude Include="CaysNet\Loss\CE.h">
      <Filter>CaysNet\Loss</Filter>
    </ClInclude>
    <ClInclude Include="CaysNet\CaysNetDLL.h">
      <Filter>CaysNet</Filter>
    </ClInclude>
    <ClInclude Include="CaysNet\Optimizer\Supervised\NAG.h">
      <Filter>CaysNet\Optimizer\Supervised</Filter>
    </ClInclude>
    <ClInclude Include="CaysNet\Optimizer\Supervised\NAG.hpp">
      <Filter>CaysNet\Optimizer\Supervised</Filter>
    </ClInclude>
  </ItemGroup>
</Project>